
Microsoft Visual Studio Solution File, Format Version 12.00
# Visual Studio Version 17
VisualStudioVersion = 17.4.33213.308
MinimumVisualStudioVersion = 10.0.40219.1
Project("{FAE04EC0-301F-11D3-BF4B-00C04F79EFBC}") = "ThriftshopRazorWeb", "ThriftshopRazorWeb\ThriftshopRazorWeb.csproj", "{615FC366-EDC1-416A-AFD4-44BBA2042B25}"
EndProject
Global
	GlobalSection(SolutionConfigurationPlatforms) = preSolution
		Debug|Any CPU = Debug|Any CPU
		Release|Any CPU = Release|Any CPU
	EndGlobalSection
	GlobalSection(ProjectConfigurationPlatforms) = postSolution
		{615FC366-EDC1-416A-AFD4-44BBA2042B25}.Debug|Any CPU.ActiveCfg = Debug|Any CPU
		{615FC366-EDC1-416A-AFD4-44BBA2042B25}.Debug|Any CPU.Build.0 = Debug|Any CPU
		{615FC366-EDC1-416A-AFD4-44BBA2042B25}.Release|Any CPU.ActiveCfg = Release|Any CPU
		{615FC366-EDC1-416A-AFD4-44BBA2042B25}.Release|Any CPU.Build.0 = Release|Any CPU
	EndGlobalSection
	GlobalSection(SolutionProperties) = preSolution
		HideSolutionNode = FALSE
	EndGlobalSection
	GlobalSection(ExtensibilityGlobals) = postSolution
		SolutionGuid = {CE7D3318-5909-40D5-9B01-7E45BAAB990B}
	EndGlobalSection
EndGlobal
